
Microsoft Visual Studio Solution File, Format Version 12.00
# Visual Studio Version 17
Project("{8BC9CEB8-8B4A-11D0-8D11-00A0C91BC942}") = "ALL_BUILD", "ALL_BUILD.vcxproj", "{14A2CC91-F041-3BE7-9814-0B6E7FC9BA86}"
	ProjectSection(ProjectDependencies) = postProject
		{6489823B-C916-3C11-B755-301E6BCD7B70} = {6489823B-C916-3C11-B755-301E6BCD7B70}
		{72013648-3777-3696-B291-01B014EE42AA} = {72013648-3777-3696-B291-01B014EE42AA}
	EndProjectSection
EndProject
Project("{8BC9CEB8-8B4A-11D0-8D11-00A0C91BC942}") = "ZERO_CHECK", "ZERO_CHECK.vcxproj", "{6489823B-C916-3C11-B755-301E6BCD7B70}"
	ProjectSection(ProjectDependencies) = postProject
	EndProjectSection
EndProject
Project("{8BC9CEB8-8B4A-11D0-8D11-00A0C91BC942}") = "example", "example.vcxproj", "{72013648-3777-3696-B291-01B014EE42AA}"
	ProjectSection(ProjectDependencies) = postProject
		{6489823B-C916-3C11-B755-301E6BCD7B70} = {6489823B-C916-3C11-B755-301E6BCD7B70}
	EndProjectSection
EndProject
Global
	GlobalSection(SolutionConfigurationPlatforms) = preSolution
		Debug|x64 = Debug|x64
		Release|x64 = Release|x64
		MinSizeRel|x64 = MinSizeRel|x64
		RelWithDebInfo|x64 = RelWithDebInfo|x64
	EndGlobalSection
	GlobalSection(ProjectConfigurationPlatforms) = postSolution
		{14A2CC91-F041-3BE7-9814-0B6E7FC9BA86}.Debug|x64.ActiveCfg = Debug|x64
		{14A2CC91-F041-3BE7-9814-0B6E7FC9BA86}.Release|x64.ActiveCfg = Release|x64
		{14A2CC91-F041-3BE7-9814-0B6E7FC9BA86}.MinSizeRel|x64.ActiveCfg = MinSizeRel|x64
		{14A2CC91-F041-3BE7-9814-0B6E7FC9BA86}.RelWithDebInfo|x64.ActiveCfg = RelWithDebInfo|x64
		{6489823B-C916-3C11-B755-301E6BCD7B70}.Debug|x64.ActiveCfg = Debug|x64
		{6489823B-C916-3C11-B755-301E6BCD7B70}.Debug|x64.Build.0 = Debug|x64
		{6489823B-C916-3C11-B755-301E6BCD7B70}.Release|x64.ActiveCfg = Release|x64
		{6489823B-C916-3C11-B755-301E6BCD7B70}.Release|x64.Build.0 = Release|x64
		{6489823B-C916-3C11-B755-301E6BCD7B70}.MinSizeRel|x64.ActiveCfg = MinSizeRel|x64
		{6489823B-C916-3C11-B755-301E6BCD7B70}.MinSizeRel|x64.Build.0 = MinSizeRel|x64
		{6489823B-C916-3C11-B755-301E6BCD7B70}.RelWithDebInfo|x64.ActiveCfg = RelWithDebInfo|x64
		{6489823B-C916-3C11-B755-301E6BCD7B70}.RelWithDebInfo|x64.Build.0 = RelWithDebInfo|x64
		{72013648-3777-3696-B291-01B014EE42AA}.Debug|x64.ActiveCfg = Debug|x64
		{72013648-3777-3696-B291-01B014EE42AA}.Debug|x64.Build.0 = Debug|x64
		{72013648-3777-3696-B291-01B014EE42AA}.Release|x64.ActiveCfg = Release|x64
		{72013648-3777-3696-B291-01B014EE42AA}.Release|x64.Build.0 = Release|x64
		{72013648-3777-3696-B291-01B014EE42AA}.MinSizeRel|x64.ActiveCfg = MinSizeRel|x64
		{72013648-3777-3696-B291-01B014EE42AA}.MinSizeRel|x64.Build.0 = MinSizeRel|x64
		{72013648-3777-3696-B291-01B014EE42AA}.RelWithDebInfo|x64.ActiveCfg = RelWithDebInfo|x64
		{72013648-3777-3696-B291-01B014EE42AA}.RelWithDebInfo|x64.Build.0 = RelWithDebInfo|x64
	EndGlobalSection
	GlobalSection(ExtensibilityGlobals) = postSolution
		SolutionGuid = {BD1FB0F7-5E46-33F7-AF5A-634AD91BA796}
	EndGlobalSection
	GlobalSection(ExtensibilityAddIns) = postSolution
	EndGlobalSection
EndGlobal
